version = 1
revision = 1
requires-python = ">=3.13"

[[package]]
name = "basedpyright"
version = "1.28.5"
source = { registry = "https://pypi.org/simple" }
dependencies = [
    { name = "nodejs-wheel-binaries" },
]
sdist = { url = "https://files.pythonhosted.org/packages/ce/43/7a85507882cfbda82b9003a849924dcb6f58ef74051c13f2dea9d1c30067/basedpyright-1.28.5.tar.gz", hash = "sha256:f2f13d1158c77edffe827b0a8366a8d6ec8c3a69aa9f4c938ec8fe6026d1e309", size = 21748156 }
wheels = [
    { url = "https://files.pythonhosted.org/packages/77/57/8aabf496d7c9c22fe259494fddc28b130e8f5d099f41025e616139b80428/basedpyright-1.28.5-py3-none-any.whl", hash = "sha256:33dab5a88832c17dbce6207e2c9df244c227ad0bf71d7e38d8728a227244e980", size = 11387863 },
]

[[package]]
name = "nodejs-wheel-binaries"
version = "22.14.0"
source = { registry = "https://pypi.org/simple" }
sdist = { url = "https://files.pythonhosted.org/packages/d7/c7/4fd3871d2b7fd5122216245e273201ab98eda92bbd6fe9ad04846b758c56/nodejs_wheel_binaries-22.14.0.tar.gz", hash = "sha256:c1dc43713598c7310d53795c764beead861b8c5021fe4b1366cb912ce1a4c8bf", size = 8055 }
wheels = [
    { url = "https://files.pythonhosted.org/packages/61/b6/66ef4ef75ea7389ea788f2d5505bf9a8e5c3806d56c7a90cf46a6942f1cf/nodejs_wheel_binaries-22.14.0-py2.py3-none-macosx_11_0_arm64.whl", hash = "sha256:d8ab8690516a3e98458041286e3f0d6458de176d15c14f205c3ea2972131420d", size = 50326597 },
    { url = "https://files.pythonhosted.org/packages/7d/78/023d91a293ba73572a643bc89d11620d189f35f205a309dd8296aa45e69a/nodejs_wheel_binaries-22.14.0-py2.py3-none-macosx_11_0_x86_64.whl", hash = "sha256:b2f200f23b3610bdbee01cf136279e005ffdf8ee74557aa46c0940a7867956f6", size = 51158258 },
    { url = "https://files.pythonhosted.org/packages/af/86/324f6342c79e5034a13319b02ba9ed1f4ac8813af567d223c9a9e56cd338/nodejs_wheel_binaries-22.14.0-py2.py3-none-manylinux_2_17_aarch64.manylinux2014_aarch64.whl", hash = "sha256:d0877832abd7a9c75c8c5caafa37f986c9341ee025043c2771213d70c4c1defa", size = 57180264 },
    { url = "https://files.pythonhosted.org/packages/6d/9f/42bdaab26137e31732bff00147b9aca2185d475b5752b57a443e6c7ba93f/nodejs_wheel_binaries-22.14.0-py2.py3-none-manylinux_2_17_x86_64.manylinux2014_x86_64.whl", hash = "sha256:8fded5a70a8a55c2135e67bd580d8b7f2e94fcbafcc679b6a2d5b92f88373d69", size = 57693251 },
    { url = "https://files.pythonhosted.org/packages/ab/d7/94f8f269aa86cf35f9ed2b70d09aca48dc971fb5656fdc4a3b69364b189f/nodejs_wheel_binaries-22.14.0-py2.py3-none-musllinux_1_2_aarch64.whl", hash = "sha256:c1ade6f3ece458b40c02e89c91d5103792a9f18aaad5026da533eb0dcb87090e", size = 58841717 },
    { url = "https://files.pythonhosted.org/packages/2d/a0/43b7316eaf22b4ee9bfb897ee36c724efceac7b89d7d1bedca28057b7be1/nodejs_wheel_binaries-22.14.0-py2.py3-none-musllinux_1_2_x86_64.whl", hash = "sha256:34fa5ed4cf3f65cbfbe9b45c407ffc2fc7d97a06cd8993e6162191ff81f29f48", size = 59808791 },
    { url = "https://files.pythonhosted.org/packages/10/0a/814491f751a25136e37de68a2728c9a9e3c1d20494aba5ff3c230d5f9c2d/nodejs_wheel_binaries-22.14.0-py2.py3-none-win_amd64.whl", hash = "sha256:ca7023276327455988b81390fa6bbfa5191c1da7fc45bc57c7abc281ba9967e9", size = 40478921 },
    { url = "https://files.pythonhosted.org/packages/f4/5c/cab444afaa387dceac8debb817b52fd00596efcd2d54506c27311c6fe6a8/nodejs_wheel_binaries-22.14.0-py2.py3-none-win_arm64.whl", hash = "sha256:fd59c8e9a202221e316febe1624a1ae3b42775b7fb27737bf12ec79565983eaf", size = 36206637 },
]

[[package]]
name = "sample-slicer"
version = "0.1.0"
source = { virtual = "." }
dependencies = [
    { name = "typed-ffmpeg" },
]

[package.optional-dependencies]
dev = [
    { name = "basedpyright" },
]

[package.metadata]
requires-dist = [
    { name = "basedpyright", marker = "extra == 'dev'" },
    { name = "typed-ffmpeg" },
]
provides-extras = ["dev"]

[[package]]
name = "typed-ffmpeg"
version = "2.6.4"
source = { registry = "https://pypi.org/simple" }
sdist = { url = "https://files.pythonhosted.org/packages/53/87/684e8ffc10f2eb4d19c9f063763e3e0d6ddf24ede9d96ed7fd4605e46e66/typed_ffmpeg-2.6.4.tar.gz", hash = "sha256:def9f08dd181e445e291bc02387a53473d00ecdd3153acb148de8293012a17be", size = 163433 }
wheels = [
    { url = "https://files.pythonhosted.org/packages/e4/dd/ce8165b8ba7b8a4fa5ba71192e61548640f702fa61e7aa2384e22a2b340e/typed_ffmpeg-2.6.4-py3-none-any.whl", hash = "sha256:ce26252609eb67520d5c81d3ea571f7bf26c4c71d08440622e59b32a729a61bc", size = 178162 },
]
